
Microsoft Visual Studio Solution File, Format Version 12.00
# Visual Studio Version 17
VisualStudioVersion = 17.0.31903.59
MinimumVisualStudioVersion = 10.0.40219.1
Project("{2150E333-8FDC-42A3-9474-1A3956D46DE8}") = "src", "src", "{827E0CD3-B72D-47B6-A68D-7590B98EB39B}"
EndProject
Project("{FAE04EC0-301F-11D3-BF4B-00C04F79EFBC}") = "FIS.Domain", "src\FIS.Domain\FIS.Domain.csproj", "{3B582FFC-2355-4EDF-A21B-3EE56E932F87}"
EndProject
Project("{FAE04EC0-301F-11D3-BF4B-00C04F79EFBC}") = "FIS.Application", "src\FIS.Application\FIS.Application.csproj", "{19226131-E602-4FE8-92DC-59A75CABEE8A}"
EndProject
Project("{FAE04EC0-301F-11D3-BF4B-00C04F79EFBC}") = "FIS.Infrastructure", "src\FIS.Infrastructure\FIS.Infrastructure.csproj", "{DA61D54D-8700-4A56-B433-D82473A4A908}"
EndProject
Project("{FAE04EC0-301F-11D3-BF4B-00C04F79EFBC}") = "FIS.Api", "src\FIS.Api\FIS.Api.csproj", "{06BABEF5-F733-4D3D-B380-90A3F6A1013F}"
EndProject
Project("{FAE04EC0-301F-11D3-BF4B-00C04F79EFBC}") = "FIS.Desktop", "src\FIS.Desktop\FIS.Desktop.csproj", "{1C3ABF0C-D251-401F-9C31-DCF5247C86F5}"
EndProject
Project("{FAE04EC0-301F-11D3-BF4B-00C04F79EFBC}") = "FIS.Domain.Tests", "tests\FIS.Domain.Tests\FIS.Domain.Tests.csproj", "{A8DE6FF4-38BA-476B-8273-27FFA4227021}"
EndProject
Project("{FAE04EC0-301F-11D3-BF4B-00C04F79EFBC}") = "FIS.Application.Tests", "tests\FIS.Application.Tests\FIS.Application.Tests.csproj", "{8175E1D4-B77F-4B67-99AD-14799AB3A115}"
EndProject
Project("{FAE04EC0-301F-11D3-BF4B-00C04F79EFBC}") = "FIS.Api.IntegrationTests", "tests\FIS.Api.IntegrationTests\FIS.Api.IntegrationTests.csproj", "{E31FD01A-467D-4FAF-AC59-4EB566942333}"
EndProject
Project("{FAE04EC0-301F-11D3-BF4B-00C04F79EFBC}") = "FIS.Contracts", "src\FIS.Contracts\FIS.Contracts.csproj", "{D11FC3BC-4418-4C27-B69A-8F3B42F63E01}"
EndProject
Global
	GlobalSection(SolutionConfigurationPlatforms) = preSolution
		Debug|Any CPU = Debug|Any CPU
		Debug|x64 = Debug|x64
		Debug|x86 = Debug|x86
		Release|Any CPU = Release|Any CPU
		Release|x64 = Release|x64
		Release|x86 = Release|x86
	EndGlobalSection
	GlobalSection(ProjectConfigurationPlatforms) = postSolution
		{3B582FFC-2355-4EDF-A21B-3EE56E932F87}.Debug|Any CPU.ActiveCfg = Debug|Any CPU
		{3B582FFC-2355-4EDF-A21B-3EE56E932F87}.Debug|Any CPU.Build.0 = Debug|Any CPU
		{3B582FFC-2355-4EDF-A21B-3EE56E932F87}.Debug|x64.ActiveCfg = Debug|Any CPU
		{3B582FFC-2355-4EDF-A21B-3EE56E932F87}.Debug|x64.Build.0 = Debug|Any CPU
		{3B582FFC-2355-4EDF-A21B-3EE56E932F87}.Debug|x86.ActiveCfg = Debug|Any CPU
		{3B582FFC-2355-4EDF-A21B-3EE56E932F87}.Debug|x86.Build.0 = Debug|Any CPU
		{3B582FFC-2355-4EDF-A21B-3EE56E932F87}.Release|Any CPU.ActiveCfg = Release|Any CPU
		{3B582FFC-2355-4EDF-A21B-3EE56E932F87}.Release|Any CPU.Build.0 = Release|Any CPU
		{3B582FFC-2355-4EDF-A21B-3EE56E932F87}.Release|x64.ActiveCfg = Release|Any CPU
		{3B582FFC-2355-4EDF-A21B-3EE56E932F87}.Release|x64.Build.0 = Release|Any CPU
		{3B582FFC-2355-4EDF-A21B-3EE56E932F87}.Release|x86.ActiveCfg = Release|Any CPU
		{3B582FFC-2355-4EDF-A21B-3EE56E932F87}.Release|x86.Build.0 = Release|Any CPU
		{19226131-E602-4FE8-92DC-59A75CABEE8A}.Debug|Any CPU.ActiveCfg = Debug|Any CPU
		{19226131-E602-4FE8-92DC-59A75CABEE8A}.Debug|Any CPU.Build.0 = Debug|Any CPU
		{19226131-E602-4FE8-92DC-59A75CABEE8A}.Debug|x64.ActiveCfg = Debug|Any CPU
		{19226131-E602-4FE8-92DC-59A75CABEE8A}.Debug|x64.Build.0 = Debug|Any CPU
		{19226131-E602-4FE8-92DC-59A75CABEE8A}.Debug|x86.ActiveCfg = Debug|Any CPU
		{19226131-E602-4FE8-92DC-59A75CABEE8A}.Debug|x86.Build.0 = Debug|Any CPU
		{19226131-E602-4FE8-92DC-59A75CABEE8A}.Release|Any CPU.ActiveCfg = Release|Any CPU
		{19226131-E602-4FE8-92DC-59A75CABEE8A}.Release|Any CPU.Build.0 = Release|Any CPU
		{19226131-E602-4FE8-92DC-59A75CABEE8A}.Release|x64.ActiveCfg = Release|Any CPU
		{19226131-E602-4FE8-92DC-59A75CABEE8A}.Release|x64.Build.0 = Release|Any CPU
		{19226131-E602-4FE8-92DC-59A75CABEE8A}.Release|x86.ActiveCfg = Release|Any CPU
		{19226131-E602-4FE8-92DC-59A75CABEE8A}.Release|x86.Build.0 = Release|Any CPU
		{DA61D54D-8700-4A56-B433-D82473A4A908}.Debug|Any CPU.ActiveCfg = Debug|Any CPU
		{DA61D54D-8700-4A56-B433-D82473A4A908}.Debug|Any CPU.Build.0 = Debug|Any CPU
		{DA61D54D-8700-4A56-B433-D82473A4A908}.Debug|x64.ActiveCfg = Debug|Any CPU
		{DA61D54D-8700-4A56-B433-D82473A4A908}.Debug|x64.Build.0 = Debug|Any CPU
		{DA61D54D-8700-4A56-B433-D82473A4A908}.Debug|x86.ActiveCfg = Debug|Any CPU
		{DA61D54D-8700-4A56-B433-D82473A4A908}.Debug|x86.Build.0 = Debug|Any CPU
		{DA61D54D-8700-4A56-B433-D82473A4A908}.Release|Any CPU.ActiveCfg = Release|Any CPU
		{DA61D54D-8700-4A56-B433-D82473A4A908}.Release|Any CPU.Build.0 = Release|Any CPU
		{DA61D54D-8700-4A56-B433-D82473A4A908}.Release|x64.ActiveCfg = Release|Any CPU
		{DA61D54D-8700-4A56-B433-D82473A4A908}.Release|x64.Build.0 = Release|Any CPU
		{DA61D54D-8700-4A56-B433-D82473A4A908}.Release|x86.ActiveCfg = Release|Any CPU
		{DA61D54D-8700-4A56-B433-D82473A4A908}.Release|x86.Build.0 = Release|Any CPU
		{06BABEF5-F733-4D3D-B380-90A3F6A1013F}.Debug|Any CPU.ActiveCfg = Debug|Any CPU
		{06BABEF5-F733-4D3D-B380-90A3F6A1013F}.Debug|Any CPU.Build.0 = Debug|Any CPU
		{06BABEF5-F733-4D3D-B380-90A3F6A1013F}.Debug|x64.ActiveCfg = Debug|Any CPU
		{06BABEF5-F733-4D3D-B380-90A3F6A1013F}.Debug|x64.Build.0 = Debug|Any CPU
		{06BABEF5-F733-4D3D-B380-90A3F6A1013F}.Debug|x86.ActiveCfg = Debug|Any CPU
		{06BABEF5-F733-4D3D-B380-90A3F6A1013F}.Debug|x86.Build.0 = Debug|Any CPU
		{06BABEF5-F733-4D3D-B380-90A3F6A1013F}.Release|Any CPU.ActiveCfg = Release|Any CPU
		{06BABEF5-F733-4D3D-B380-90A3F6A1013F}.Release|Any CPU.Build.0 = Release|Any CPU
		{06BABEF5-F733-4D3D-B380-90A3F6A1013F}.Release|x64.ActiveCfg = Release|Any CPU
		{06BABEF5-F733-4D3D-B380-90A3F6A1013F}.Release|x64.Build.0 = Release|Any CPU
		{06BABEF5-F733-4D3D-B380-90A3F6A1013F}.Release|x86.ActiveCfg = Release|Any CPU
		{06BABEF5-F733-4D3D-B380-90A3F6A1013F}.Release|x86.Build.0 = Release|Any CPU
		{1C3ABF0C-D251-401F-9C31-DCF5247C86F5}.Debug|Any CPU.ActiveCfg = Debug|Any CPU
		{1C3ABF0C-D251-401F-9C31-DCF5247C86F5}.Debug|Any CPU.Build.0 = Debug|Any CPU
		{1C3ABF0C-D251-401F-9C31-DCF5247C86F5}.Debug|x64.ActiveCfg = Debug|Any CPU
		{1C3ABF0C-D251-401F-9C31-DCF5247C86F5}.Debug|x64.Build.0 = Debug|Any CPU
		{1C3ABF0C-D251-401F-9C31-DCF5247C86F5}.Debug|x86.ActiveCfg = Debug|Any CPU
		{1C3ABF0C-D251-401F-9C31-DCF5247C86F5}.Debug|x86.Build.0 = Debug|Any CPU
		{1C3ABF0C-D251-401F-9C31-DCF5247C86F5}.Release|Any CPU.ActiveCfg = Release|Any CPU
		{1C3ABF0C-D251-401F-9C31-DCF5247C86F5}.Release|Any CPU.Build.0 = Release|Any CPU
		{1C3ABF0C-D251-401F-9C31-DCF5247C86F5}.Release|x64.ActiveCfg = Release|Any CPU
		{1C3ABF0C-D251-401F-9C31-DCF5247C86F5}.Release|x64.Build.0 = Release|Any CPU
		{1C3ABF0C-D251-401F-9C31-DCF5247C86F5}.Release|x86.ActiveCfg = Release|Any CPU
		{1C3ABF0C-D251-401F-9C31-DCF5247C86F5}.Release|x86.Build.0 = Release|Any CPU
		{A8DE6FF4-38BA-476B-8273-27FFA4227021}.Debug|Any CPU.ActiveCfg = Debug|Any CPU
		{A8DE6FF4-38BA-476B-8273-27FFA4227021}.Debug|Any CPU.Build.0 = Debug|Any CPU
		{A8DE6FF4-38BA-476B-8273-27FFA4227021}.Debug|x64.ActiveCfg = Debug|Any CPU
		{A8DE6FF4-38BA-476B-8273-27FFA4227021}.Debug|x64.Build.0 = Debug|Any CPU
		{A8DE6FF4-38BA-476B-8273-27FFA4227021}.Debug|x86.ActiveCfg = Debug|Any CPU
		{A8DE6FF4-38BA-476B-8273-27FFA4227021}.Debug|x86.Build.0 = Debug|Any CPU
		{A8DE6FF4-38BA-476B-8273-27FFA4227021}.Release|Any CPU.ActiveCfg = Release|Any CPU
		{A8DE6FF4-38BA-476B-8273-27FFA4227021}.Release|Any CPU.Build.0 = Release|Any CPU
		{A8DE6FF4-38BA-476B-8273-27FFA4227021}.Release|x64.ActiveCfg = Release|Any CPU
		{A8DE6FF4-38BA-476B-8273-27FFA4227021}.Release|x64.Build.0 = Release|Any CPU
		{A8DE6FF4-38BA-476B-8273-27FFA4227021}.Release|x86.ActiveCfg = Release|Any CPU
		{A8DE6FF4-38BA-476B-8273-27FFA4227021}.Release|x86.Build.0 = Release|Any CPU
		{8175E1D4-B77F-4B67-99AD-14799AB3A115}.Debug|Any CPU.ActiveCfg = Debug|Any CPU
		{8175E1D4-B77F-4B67-99AD-14799AB3A115}.Debug|Any CPU.Build.0 = Debug|Any CPU
		{8175E1D4-B77F-4B67-99AD-14799AB3A115}.Debug|x64.ActiveCfg = Debug|Any CPU
		{8175E1D4-B77F-4B67-99AD-14799AB3A115}.Debug|x64.Build.0 = Debug|Any CPU
		{8175E1D4-B77F-4B67-99AD-14799AB3A115}.Debug|x86.ActiveCfg = Debug|Any CPU
		{8175E1D4-B77F-4B67-99AD-14799AB3A115}.Debug|x86.Build.0 = Debug|Any CPU
		{8175E1D4-B77F-4B67-99AD-14799AB3A115}.Release|Any CPU.ActiveCfg = Release|Any CPU
		{8175E1D4-B77F-4B67-99AD-14799AB3A115}.Release|Any CPU.Build.0 = Release|Any CPU
		{8175E1D4-B77F-4B67-99AD-14799AB3A115}.Release|x64.ActiveCfg = Release|Any CPU
		{8175E1D4-B77F-4B67-99AD-14799AB3A115}.Release|x64.Build.0 = Release|Any CPU
		{8175E1D4-B77F-4B67-99AD-14799AB3A115}.Release|x86.ActiveCfg = Release|Any CPU
		{8175E1D4-B77F-4B67-99AD-14799AB3A115}.Release|x86.Build.0 = Release|Any CPU
		{E31FD01A-467D-4FAF-AC59-4EB566942333}.Debug|Any CPU.ActiveCfg = Debug|Any CPU
		{E31FD01A-467D-4FAF-AC59-4EB566942333}.Debug|Any CPU.Build.0 = Debug|Any CPU
		{E31FD01A-467D-4FAF-AC59-4EB566942333}.Debug|x64.ActiveCfg = Debug|Any CPU
		{E31FD01A-467D-4FAF-AC59-4EB566942333}.Debug|x64.Build.0 = Debug|Any CPU
		{E31FD01A-467D-4FAF-AC59-4EB566942333}.Debug|x86.ActiveCfg = Debug|Any CPU
		{E31FD01A-467D-4FAF-AC59-4EB566942333}.Debug|x86.Build.0 = Debug|Any CPU
		{E31FD01A-467D-4FAF-AC59-4EB566942333}.Release|Any CPU.ActiveCfg = Release|Any CPU
		{E31FD01A-467D-4FAF-AC59-4EB566942333}.Release|Any CPU.Build.0 = Release|Any CPU
		{E31FD01A-467D-4FAF-AC59-4EB566942333}.Release|x64.ActiveCfg = Release|Any CPU
		{E31FD01A-467D-4FAF-AC59-4EB566942333}.Release|x64.Build.0 = Release|Any CPU
		{E31FD01A-467D-4FAF-AC59-4EB566942333}.Release|x86.ActiveCfg = Release|Any CPU
		{E31FD01A-467D-4FAF-AC59-4EB566942333}.Release|x86.Build.0 = Release|Any CPU
		{D11FC3BC-4418-4C27-B69A-8F3B42F63E01}.Debug|Any CPU.ActiveCfg = Debug|Any CPU
		{D11FC3BC-4418-4C27-B69A-8F3B42F63E01}.Debug|Any CPU.Build.0 = Debug|Any CPU
		{D11FC3BC-4418-4C27-B69A-8F3B42F63E01}.Debug|x64.ActiveCfg = Debug|Any CPU
		{D11FC3BC-4418-4C27-B69A-8F3B42F63E01}.Debug|x64.Build.0 = Debug|Any CPU
		{D11FC3BC-4418-4C27-B69A-8F3B42F63E01}.Debug|x86.ActiveCfg = Debug|Any CPU
		{D11FC3BC-4418-4C27-B69A-8F3B42F63E01}.Debug|x86.Build.0 = Debug|Any CPU
		{D11FC3BC-4418-4C27-B69A-8F3B42F63E01}.Release|Any CPU.ActiveCfg = Release|Any CPU
		{D11FC3BC-4418-4C27-B69A-8F3B42F63E01}.Release|Any CPU.Build.0 = Release|Any CPU
		{D11FC3BC-4418-4C27-B69A-8F3B42F63E01}.Release|x64.ActiveCfg = Release|Any CPU
		{D11FC3BC-4418-4C27-B69A-8F3B42F63E01}.Release|x64.Build.0 = Release|Any CPU
		{D11FC3BC-4418-4C27-B69A-8F3B42F63E01}.Release|x86.ActiveCfg = Release|Any CPU
		{D11FC3BC-4418-4C27-B69A-8F3B42F63E01}.Release|x86.Build.0 = Release|Any CPU
	EndGlobalSection
	GlobalSection(SolutionProperties) = preSolution
		HideSolutionNode = FALSE
	EndGlobalSection
	GlobalSection(NestedProjects) = preSolution
		{3B582FFC-2355-4EDF-A21B-3EE56E932F87} = {827E0CD3-B72D-47B6-A68D-7590B98EB39B}
		{19226131-E602-4FE8-92DC-59A75CABEE8A} = {827E0CD3-B72D-47B6-A68D-7590B98EB39B}
		{DA61D54D-8700-4A56-B433-D82473A4A908} = {827E0CD3-B72D-47B6-A68D-7590B98EB39B}
		{06BABEF5-F733-4D3D-B380-90A3F6A1013F} = {827E0CD3-B72D-47B6-A68D-7590B98EB39B}
		{1C3ABF0C-D251-401F-9C31-DCF5247C86F5} = {827E0CD3-B72D-47B6-A68D-7590B98EB39B}
		{A8DE6FF4-38BA-476B-8273-27FFA4227021} = {827E0CD3-B72D-47B6-A68D-7590B98EB39B}
		{8175E1D4-B77F-4B67-99AD-14799AB3A115} = {827E0CD3-B72D-47B6-A68D-7590B98EB39B}
		{E31FD01A-467D-4FAF-AC59-4EB566942333} = {827E0CD3-B72D-47B6-A68D-7590B98EB39B}
		{D11FC3BC-4418-4C27-B69A-8F3B42F63E01} = {827E0CD3-B72D-47B6-A68D-7590B98EB39B}
	EndGlobalSection
EndGlobal
